
Microsoft Visual Studio Solution File, Format Version 12.00
# Visual Studio Version 17
VisualStudioVersion = 17.0.31903.59
MinimumVisualStudioVersion = 10.0.40219.1
Project("{2150E333-8FDC-42A3-9474-1A3956D46DE8}") = "01-01-voting", "01-01-voting", "{571BC0D7-695F-4209-A6D5-5ACF51F68D68}"
EndProject
Project("{FAE04EC0-301F-11D3-BF4B-00C04F79EFBC}") = "01-01-voting", "01-01-voting\starter\01-01-voting.csproj", "{87115081-A6A0-4A06-93CA-0BCFE08052C9}"
EndProject
Project("{2150E333-8FDC-42A3-9474-1A3956D46DE8}") = "01-02-validating-emails", "01-02-validating-emails", "{32589C64-2DA2-4D29-9099-910930CD8DA2}"
EndProject
Project("{FAE04EC0-301F-11D3-BF4B-00C04F79EFBC}") = "01-02-validating-emails", "01-02-validating-emails\starter\01-02-validating-emails.csproj", "{A66C3D57-9717-469E-B85A-23FB60D756D9}"
EndProject
Project("{2150E333-8FDC-42A3-9474-1A3956D46DE8}") = "01-03-decomposing-urls", "01-03-decomposing-urls", "{97C5AAEA-337D-46F9-A9C2-B9E9DF4E18E9}"
EndProject
Project("{FAE04EC0-301F-11D3-BF4B-00C04F79EFBC}") = "01-03-decomposing-urls", "01-03-decomposing-urls\starter\01-03-decomposing-urls.csproj", "{F16925B1-6EF4-4853-958B-F5B401D04644}"
EndProject
Project("{2150E333-8FDC-42A3-9474-1A3956D46DE8}") = "01-04-season-stats", "01-04-season-stats", "{994AE4E1-A72A-4FB2-ADE9-9561DF6EF7F7}"
EndProject
Project("{FAE04EC0-301F-11D3-BF4B-00C04F79EFBC}") = "01-04-season-stats", "01-04-season-stats\starter\01-04-season-stats.csproj", "{4F2BC2E8-2D40-46F7-BFC2-311C60D4F20B}"
EndProject
Project("{2150E333-8FDC-42A3-9474-1A3956D46DE8}") = "01-05-counting-vowels", "01-05-counting-vowels", "{7B9D14DF-5348-4B80-966A-743C283DED5E}"
EndProject
Project("{FAE04EC0-301F-11D3-BF4B-00C04F79EFBC}") = "01-05-counting-vowels", "01-05-counting-vowels\starter\01-05-counting-vowels.csproj", "{7AE39C97-CFEC-4F59-90A1-9A84ED272D2C}"
EndProject
Project("{2150E333-8FDC-42A3-9474-1A3956D46DE8}") = "01-06-movie-night", "01-06-movie-night", "{CBDB182E-0D4F-4137-95F7-E83FE35C5996}"
EndProject
Project("{FAE04EC0-301F-11D3-BF4B-00C04F79EFBC}") = "01-06-movie-night", "01-06-movie-night\starter\01-06-movie-night.csproj", "{B5A4F61D-32B2-4E51-A1EC-31ED30BC3336}"
EndProject
Project("{2150E333-8FDC-42A3-9474-1A3956D46DE8}") = "01-07-affirming-words", "01-07-affirming-words", "{35D01D6C-1DF6-48F2-90DD-E836ECA9D835}"
EndProject
Project("{FAE04EC0-301F-11D3-BF4B-00C04F79EFBC}") = "01-07-affirming-words", "01-07-affirming-words\starter\01-07-affirming-words.csproj", "{AC4CD0F3-F543-4C3D-9602-379D4C552020}"
EndProject
Project("{2150E333-8FDC-42A3-9474-1A3956D46DE8}") = "01-08-fib-sequence", "01-08-fib-sequence", "{D4EC78CB-06C2-4CC5-A72C-3929D3145E57}"
EndProject
Project("{FAE04EC0-301F-11D3-BF4B-00C04F79EFBC}") = "01-08-fib-sequence", "01-08-fib-sequence\starter\01-08-fib-sequence.csproj", "{466D81B5-9484-432E-9F68-2740CB630A1E}"
EndProject
Project("{2150E333-8FDC-42A3-9474-1A3956D46DE8}") = "01-09-party-rsvp", "01-09-party-rsvp", "{68D75D01-9F02-42D9-97F8-C4A14641CC98}"
EndProject
Project("{FAE04EC0-301F-11D3-BF4B-00C04F79EFBC}") = "01-09-party-rsvp", "01-09-party-rsvp\starter\01-09-party-rsvp.csproj", "{2019DFBF-7571-4D65-9D7A-3D49E0D9E87B}"
EndProject
Project("{2150E333-8FDC-42A3-9474-1A3956D46DE8}") = "01-10-tip-calculator", "01-10-tip-calculator", "{A6D25577-FECB-40E9-89EF-332535F78172}"
EndProject
Project("{FAE04EC0-301F-11D3-BF4B-00C04F79EFBC}") = "01-10-tip-calculator", "01-10-tip-calculator\starter\01-10-tip-calculator.csproj", "{D7B3C1F4-565F-4F66-BFB1-F3284CF3F2E2}"
EndProject
Project("{2150E333-8FDC-42A3-9474-1A3956D46DE8}") = "01-11-shop-inventory", "01-11-shop-inventory", "{7BB87805-33AA-473E-9A7D-CF0C4905F071}"
EndProject
Project("{FAE04EC0-301F-11D3-BF4B-00C04F79EFBC}") = "01-11-shop-inventory", "01-11-shop-inventory\starter\01-11-shop-inventory.csproj", "{C7331056-81D7-4A51-AE6B-171B02522BEC}"
EndProject
Project("{2150E333-8FDC-42A3-9474-1A3956D46DE8}") = "01-12-game-night", "01-12-game-night", "{B1C10874-D41B-461A-9A81-CAC0293BEA12}"
EndProject
Project("{FAE04EC0-301F-11D3-BF4B-00C04F79EFBC}") = "01-12-game-night", "01-12-game-night\starter\01-12-game-night.csproj", "{8DF0EA0C-9507-411E-91AA-066477248DD6}"
EndProject
Project("{2150E333-8FDC-42A3-9474-1A3956D46DE8}") = "01-13-sending-newsletters", "01-13-sending-newsletters", "{63658F70-34BA-42B9-92EF-AA26CF234891}"
EndProject
Project("{FAE04EC0-301F-11D3-BF4B-00C04F79EFBC}") = "01-13-sending-newsletters", "01-13-sending-newsletters\starter\01-13-sending-newsletters.csproj", "{EF1470AF-227A-45A1-A824-3D03C406D81B}"
EndProject
Project("{2150E333-8FDC-42A3-9474-1A3956D46DE8}") = "01-14-shuffling-cards", "01-14-shuffling-cards", "{FFE04CF2-4B19-4695-B5AF-7E16E1CE9EEE}"
EndProject
Project("{FAE04EC0-301F-11D3-BF4B-00C04F79EFBC}") = "01-14-shuffling-cards", "01-14-shuffling-cards\starter\01-14-shuffling-cards.csproj", "{63319906-239C-425C-9628-F04110883828}"
EndProject
Project("{2150E333-8FDC-42A3-9474-1A3956D46DE8}") = "01-15-car-dealership", "01-15-car-dealership", "{33795EEE-0DD9-49DD-BABC-87E87C01F8D6}"
EndProject
Project("{FAE04EC0-301F-11D3-BF4B-00C04F79EFBC}") = "01-15-reflection", "01-15-car-dealership\starter\01-15-reflection.csproj", "{F686793D-B89F-4F6C-A4C9-78441BC6BA7F}"
EndProject
Global
	GlobalSection(SolutionConfigurationPlatforms) = preSolution
		Debug|Any CPU = Debug|Any CPU
		Release|Any CPU = Release|Any CPU
	EndGlobalSection
	GlobalSection(SolutionProperties) = preSolution
		HideSolutionNode = FALSE
	EndGlobalSection
	GlobalSection(ProjectConfigurationPlatforms) = postSolution
		{87115081-A6A0-4A06-93CA-0BCFE08052C9}.Debug|Any CPU.ActiveCfg = Debug|Any CPU
		{87115081-A6A0-4A06-93CA-0BCFE08052C9}.Debug|Any CPU.Build.0 = Debug|Any CPU
		{87115081-A6A0-4A06-93CA-0BCFE08052C9}.Release|Any CPU.ActiveCfg = Release|Any CPU
		{87115081-A6A0-4A06-93CA-0BCFE08052C9}.Release|Any CPU.Build.0 = Release|Any CPU
		{A66C3D57-9717-469E-B85A-23FB60D756D9}.Debug|Any CPU.ActiveCfg = Debug|Any CPU
		{A66C3D57-9717-469E-B85A-23FB60D756D9}.Debug|Any CPU.Build.0 = Debug|Any CPU
		{A66C3D57-9717-469E-B85A-23FB60D756D9}.Release|Any CPU.ActiveCfg = Release|Any CPU
		{A66C3D57-9717-469E-B85A-23FB60D756D9}.Release|Any CPU.Build.0 = Release|Any CPU
		{F16925B1-6EF4-4853-958B-F5B401D04644}.Debug|Any CPU.ActiveCfg = Debug|Any CPU
		{F16925B1-6EF4-4853-958B-F5B401D04644}.Debug|Any CPU.Build.0 = Debug|Any CPU
		{F16925B1-6EF4-4853-958B-F5B401D04644}.Release|Any CPU.ActiveCfg = Release|Any CPU
		{F16925B1-6EF4-4853-958B-F5B401D04644}.Release|Any CPU.Build.0 = Release|Any CPU
		{4F2BC2E8-2D40-46F7-BFC2-311C60D4F20B}.Debug|Any CPU.ActiveCfg = Debug|Any CPU
		{4F2BC2E8-2D40-46F7-BFC2-311C60D4F20B}.Debug|Any CPU.Build.0 = Debug|Any CPU
		{4F2BC2E8-2D40-46F7-BFC2-311C60D4F20B}.Release|Any CPU.ActiveCfg = Release|Any CPU
		{4F2BC2E8-2D40-46F7-BFC2-311C60D4F20B}.Release|Any CPU.Build.0 = Release|Any CPU
		{7AE39C97-CFEC-4F59-90A1-9A84ED272D2C}.Debug|Any CPU.ActiveCfg = Debug|Any CPU
		{7AE39C97-CFEC-4F59-90A1-9A84ED272D2C}.Debug|Any CPU.Build.0 = Debug|Any CPU
		{7AE39C97-CFEC-4F59-90A1-9A84ED272D2C}.Release|Any CPU.ActiveCfg = Release|Any CPU
		{7AE39C97-CFEC-4F59-90A1-9A84ED272D2C}.Release|Any CPU.Build.0 = Release|Any CPU
		{B5A4F61D-32B2-4E51-A1EC-31ED30BC3336}.Debug|Any CPU.ActiveCfg = Debug|Any CPU
		{B5A4F61D-32B2-4E51-A1EC-31ED30BC3336}.Debug|Any CPU.Build.0 = Debug|Any CPU
		{B5A4F61D-32B2-4E51-A1EC-31ED30BC3336}.Release|Any CPU.ActiveCfg = Release|Any CPU
		{B5A4F61D-32B2-4E51-A1EC-31ED30BC3336}.Release|Any CPU.Build.0 = Release|Any CPU
		{AC4CD0F3-F543-4C3D-9602-379D4C552020}.Debug|Any CPU.ActiveCfg = Debug|Any CPU
		{AC4CD0F3-F543-4C3D-9602-379D4C552020}.Debug|Any CPU.Build.0 = Debug|Any CPU
		{AC4CD0F3-F543-4C3D-9602-379D4C552020}.Release|Any CPU.ActiveCfg = Release|Any CPU
		{AC4CD0F3-F543-4C3D-9602-379D4C552020}.Release|Any CPU.Build.0 = Release|Any CPU
		{466D81B5-9484-432E-9F68-2740CB630A1E}.Debug|Any CPU.ActiveCfg = Debug|Any CPU
		{466D81B5-9484-432E-9F68-2740CB630A1E}.Debug|Any CPU.Build.0 = Debug|Any CPU
		{466D81B5-9484-432E-9F68-2740CB630A1E}.Release|Any CPU.ActiveCfg = Release|Any CPU
		{466D81B5-9484-432E-9F68-2740CB630A1E}.Release|Any CPU.Build.0 = Release|Any CPU
		{2019DFBF-7571-4D65-9D7A-3D49E0D9E87B}.Debug|Any CPU.ActiveCfg = Debug|Any CPU
		{2019DFBF-7571-4D65-9D7A-3D49E0D9E87B}.Debug|Any CPU.Build.0 = Debug|Any CPU
		{2019DFBF-7571-4D65-9D7A-3D49E0D9E87B}.Release|Any CPU.ActiveCfg = Release|Any CPU
		{2019DFBF-7571-4D65-9D7A-3D49E0D9E87B}.Release|Any CPU.Build.0 = Release|Any CPU
		{D7B3C1F4-565F-4F66-BFB1-F3284CF3F2E2}.Debug|Any CPU.ActiveCfg = Debug|Any CPU
		{D7B3C1F4-565F-4F66-BFB1-F3284CF3F2E2}.Debug|Any CPU.Build.0 = Debug|Any CPU
		{D7B3C1F4-565F-4F66-BFB1-F3284CF3F2E2}.Release|Any CPU.ActiveCfg = Release|Any CPU
		{D7B3C1F4-565F-4F66-BFB1-F3284CF3F2E2}.Release|Any CPU.Build.0 = Release|Any CPU
		{C7331056-81D7-4A51-AE6B-171B02522BEC}.Debug|Any CPU.ActiveCfg = Debug|Any CPU
		{C7331056-81D7-4A51-AE6B-171B02522BEC}.Debug|Any CPU.Build.0 = Debug|Any CPU
		{C7331056-81D7-4A51-AE6B-171B02522BEC}.Release|Any CPU.ActiveCfg = Release|Any CPU
		{C7331056-81D7-4A51-AE6B-171B02522BEC}.Release|Any CPU.Build.0 = Release|Any CPU
		{8DF0EA0C-9507-411E-91AA-066477248DD6}.Debug|Any CPU.ActiveCfg = Debug|Any CPU
		{8DF0EA0C-9507-411E-91AA-066477248DD6}.Debug|Any CPU.Build.0 = Debug|Any CPU
		{8DF0EA0C-9507-411E-91AA-066477248DD6}.Release|Any CPU.ActiveCfg = Release|Any CPU
		{8DF0EA0C-9507-411E-91AA-066477248DD6}.Release|Any CPU.Build.0 = Release|Any CPU
		{EF1470AF-227A-45A1-A824-3D03C406D81B}.Debug|Any CPU.ActiveCfg = Debug|Any CPU
		{EF1470AF-227A-45A1-A824-3D03C406D81B}.Debug|Any CPU.Build.0 = Debug|Any CPU
		{EF1470AF-227A-45A1-A824-3D03C406D81B}.Release|Any CPU.ActiveCfg = Release|Any CPU
		{EF1470AF-227A-45A1-A824-3D03C406D81B}.Release|Any CPU.Build.0 = Release|Any CPU
		{63319906-239C-425C-9628-F04110883828}.Debug|Any CPU.ActiveCfg = Debug|Any CPU
		{63319906-239C-425C-9628-F04110883828}.Debug|Any CPU.Build.0 = Debug|Any CPU
		{63319906-239C-425C-9628-F04110883828}.Release|Any CPU.ActiveCfg = Release|Any CPU
		{63319906-239C-425C-9628-F04110883828}.Release|Any CPU.Build.0 = Release|Any CPU
		{F686793D-B89F-4F6C-A4C9-78441BC6BA7F}.Debug|Any CPU.ActiveCfg = Debug|Any CPU
		{F686793D-B89F-4F6C-A4C9-78441BC6BA7F}.Debug|Any CPU.Build.0 = Debug|Any CPU
		{F686793D-B89F-4F6C-A4C9-78441BC6BA7F}.Release|Any CPU.ActiveCfg = Release|Any CPU
		{F686793D-B89F-4F6C-A4C9-78441BC6BA7F}.Release|Any CPU.Build.0 = Release|Any CPU
	EndGlobalSection
	GlobalSection(NestedProjects) = preSolution
		{87115081-A6A0-4A06-93CA-0BCFE08052C9} = {571BC0D7-695F-4209-A6D5-5ACF51F68D68}
		{A66C3D57-9717-469E-B85A-23FB60D756D9} = {32589C64-2DA2-4D29-9099-910930CD8DA2}
		{F16925B1-6EF4-4853-958B-F5B401D04644} = {97C5AAEA-337D-46F9-A9C2-B9E9DF4E18E9}
		{4F2BC2E8-2D40-46F7-BFC2-311C60D4F20B} = {994AE4E1-A72A-4FB2-ADE9-9561DF6EF7F7}
		{7AE39C97-CFEC-4F59-90A1-9A84ED272D2C} = {7B9D14DF-5348-4B80-966A-743C283DED5E}
		{B5A4F61D-32B2-4E51-A1EC-31ED30BC3336} = {CBDB182E-0D4F-4137-95F7-E83FE35C5996}
		{AC4CD0F3-F543-4C3D-9602-379D4C552020} = {35D01D6C-1DF6-48F2-90DD-E836ECA9D835}
		{466D81B5-9484-432E-9F68-2740CB630A1E} = {D4EC78CB-06C2-4CC5-A72C-3929D3145E57}
		{2019DFBF-7571-4D65-9D7A-3D49E0D9E87B} = {68D75D01-9F02-42D9-97F8-C4A14641CC98}
		{D7B3C1F4-565F-4F66-BFB1-F3284CF3F2E2} = {A6D25577-FECB-40E9-89EF-332535F78172}
		{C7331056-81D7-4A51-AE6B-171B02522BEC} = {7BB87805-33AA-473E-9A7D-CF0C4905F071}
		{8DF0EA0C-9507-411E-91AA-066477248DD6} = {B1C10874-D41B-461A-9A81-CAC0293BEA12}
		{EF1470AF-227A-45A1-A824-3D03C406D81B} = {63658F70-34BA-42B9-92EF-AA26CF234891}
		{63319906-239C-425C-9628-F04110883828} = {FFE04CF2-4B19-4695-B5AF-7E16E1CE9EEE}
		{F686793D-B89F-4F6C-A4C9-78441BC6BA7F} = {33795EEE-0DD9-49DD-BABC-87E87C01F8D6}
	EndGlobalSection
EndGlobal
