
Microsoft Visual Studio Solution File, Format Version 12.00
# Visual Studio Version 17
VisualStudioVersion = 17.0.31903.59
MinimumVisualStudioVersion = 10.0.40219.1
Project("{2150E333-8FDC-42A3-9474-1A3956D46DE8}") = "01-01-voting", "01-01-voting", "{23E9F368-27EE-4676-8462-80E4BBE07B58}"
EndProject
Project("{FAE04EC0-301F-11D3-BF4B-00C04F79EFBC}") = "01-01-voting", "01-01-voting\final\01-01-voting.csproj", "{070B09AC-12E1-447F-9E5F-3ED6BBA6A125}"
EndProject
Project("{2150E333-8FDC-42A3-9474-1A3956D46DE8}") = "01-02-validating-emails", "01-02-validating-emails", "{5E0541AE-4BCB-4DD8-92C8-61CCD79F53C6}"
EndProject
Project("{FAE04EC0-301F-11D3-BF4B-00C04F79EFBC}") = "01-02-validating-emails", "01-02-validating-emails\final\01-02-validating-emails.csproj", "{6FA9B47A-1D4E-4B6F-A841-BFBE69787126}"
EndProject
Project("{2150E333-8FDC-42A3-9474-1A3956D46DE8}") = "01-03-decomposing-urls", "01-03-decomposing-urls", "{3025A31E-7BA3-42FE-848B-A86A432FB5F8}"
EndProject
Project("{FAE04EC0-301F-11D3-BF4B-00C04F79EFBC}") = "01-03-decomposing-urls", "01-03-decomposing-urls\final\01-03-decomposing-urls.csproj", "{8F0538BE-6ACC-48C0-9365-4287D520A806}"
EndProject
Project("{2150E333-8FDC-42A3-9474-1A3956D46DE8}") = "01-04-season-stats", "01-04-season-stats", "{2FD3D2B5-0351-42B3-94E8-5272F6896439}"
EndProject
Project("{FAE04EC0-301F-11D3-BF4B-00C04F79EFBC}") = "01-04-season-stats", "01-04-season-stats\final\01-04-season-stats.csproj", "{B6F1FB2F-2082-43AB-90DD-CE1D2034B9D8}"
EndProject
Project("{2150E333-8FDC-42A3-9474-1A3956D46DE8}") = "01-05-counting-vowels", "01-05-counting-vowels", "{518585A2-1235-409D-BDCE-89A46A5E30B0}"
EndProject
Project("{FAE04EC0-301F-11D3-BF4B-00C04F79EFBC}") = "01-05-counting-vowels", "01-05-counting-vowels\final\01-05-counting-vowels.csproj", "{9496DF4B-16C4-4268-BA70-0716CB896A67}"
EndProject
Project("{2150E333-8FDC-42A3-9474-1A3956D46DE8}") = "01-06-movie-night", "01-06-movie-night", "{185A033C-65CF-4D28-9DE7-6A504FAA8323}"
EndProject
Project("{FAE04EC0-301F-11D3-BF4B-00C04F79EFBC}") = "01-06-movie-night", "01-06-movie-night\final\01-06-movie-night.csproj", "{02FBD1AA-0885-4F9D-8B12-0F4E61713E15}"
EndProject
Project("{2150E333-8FDC-42A3-9474-1A3956D46DE8}") = "01-07-affirming-words", "01-07-affirming-words", "{E3F2974C-2D02-4209-A6FC-1B90C0DB8411}"
EndProject
Project("{FAE04EC0-301F-11D3-BF4B-00C04F79EFBC}") = "01-07-affirming-words", "01-07-affirming-words\final\01-07-affirming-words.csproj", "{103C1741-6DCF-4016-9AA2-D6E7F277A451}"
EndProject
Project("{2150E333-8FDC-42A3-9474-1A3956D46DE8}") = "01-08-fib-sequence", "01-08-fib-sequence", "{520339BE-B0A8-4EF9-8601-A401EF759FFA}"
EndProject
Project("{FAE04EC0-301F-11D3-BF4B-00C04F79EFBC}") = "01-08-fib-sequence", "01-08-fib-sequence\final\01-08-fib-sequence.csproj", "{3C1D15AA-D8F8-44C5-8759-5B303075E5DB}"
EndProject
Project("{2150E333-8FDC-42A3-9474-1A3956D46DE8}") = "01-09-party-rsvp", "01-09-party-rsvp", "{0B5B9DC0-0298-42CF-A2BB-140A43BC4294}"
EndProject
Project("{FAE04EC0-301F-11D3-BF4B-00C04F79EFBC}") = "01-09-party-rsvp", "01-09-party-rsvp\final\01-09-party-rsvp.csproj", "{379C21E1-F9F6-483A-9135-FA4C1061523C}"
EndProject
Project("{2150E333-8FDC-42A3-9474-1A3956D46DE8}") = "01-10-tip-calculator", "01-10-tip-calculator", "{C8ABD7FE-218D-4860-A5D0-86CA082CF91A}"
EndProject
Project("{FAE04EC0-301F-11D3-BF4B-00C04F79EFBC}") = "01-10-tip-calculator", "01-10-tip-calculator\final\01-10-tip-calculator.csproj", "{39B6A48A-315E-4FD6-B742-8CB9209653B9}"
EndProject
Project("{2150E333-8FDC-42A3-9474-1A3956D46DE8}") = "01-11-shop-inventory", "01-11-shop-inventory", "{5EF19D8A-9387-43F9-A841-18F788ED96A9}"
EndProject
Project("{FAE04EC0-301F-11D3-BF4B-00C04F79EFBC}") = "01-11-shop-inventory", "01-11-shop-inventory\final\01-11-shop-inventory.csproj", "{349E587E-47F9-4B1C-85AB-4B83AC983641}"
EndProject
Project("{2150E333-8FDC-42A3-9474-1A3956D46DE8}") = "01-12-game-night", "01-12-game-night", "{54E254B1-2E04-4DDE-A45A-1E8CE9DB7086}"
EndProject
Project("{FAE04EC0-301F-11D3-BF4B-00C04F79EFBC}") = "01-12-game-night", "01-12-game-night\final\01-12-game-night.csproj", "{E1C55096-E2EC-4008-B3B6-D67FE308B001}"
EndProject
Project("{2150E333-8FDC-42A3-9474-1A3956D46DE8}") = "01-13-sending-newsletters", "01-13-sending-newsletters", "{FC1E9DE8-5563-4819-AB3C-D2549527C4FE}"
EndProject
Project("{FAE04EC0-301F-11D3-BF4B-00C04F79EFBC}") = "01-13-sending-newsletters", "01-13-sending-newsletters\final\01-13-sending-newsletters.csproj", "{E17BF2CE-9C37-4843-8EDB-F7ACB2A0365E}"
EndProject
Project("{2150E333-8FDC-42A3-9474-1A3956D46DE8}") = "01-14-shuffling-cards", "01-14-shuffling-cards", "{686FA7C9-AA84-4F33-A0A6-980F1B77EE61}"
EndProject
Project("{FAE04EC0-301F-11D3-BF4B-00C04F79EFBC}") = "01-14-shuffling-cards", "01-14-shuffling-cards\final\01-14-shuffling-cards.csproj", "{5A717BC9-4861-452B-A844-CEF8D8A6BA62}"
EndProject
Project("{2150E333-8FDC-42A3-9474-1A3956D46DE8}") = "01-15-car-dealership", "01-15-car-dealership", "{40D0F40A-DDE3-47DE-978B-A18614B0AEC4}"
EndProject
Project("{FAE04EC0-301F-11D3-BF4B-00C04F79EFBC}") = "01-15-reflection", "01-15-car-dealership\final\01-15-reflection.csproj", "{EFC4C610-7AAB-4BFA-8B19-A29BE10763A1}"
EndProject
Global
	GlobalSection(SolutionConfigurationPlatforms) = preSolution
		Debug|Any CPU = Debug|Any CPU
		Release|Any CPU = Release|Any CPU
	EndGlobalSection
	GlobalSection(SolutionProperties) = preSolution
		HideSolutionNode = FALSE
	EndGlobalSection
	GlobalSection(ProjectConfigurationPlatforms) = postSolution
		{070B09AC-12E1-447F-9E5F-3ED6BBA6A125}.Debug|Any CPU.ActiveCfg = Debug|Any CPU
		{070B09AC-12E1-447F-9E5F-3ED6BBA6A125}.Debug|Any CPU.Build.0 = Debug|Any CPU
		{070B09AC-12E1-447F-9E5F-3ED6BBA6A125}.Release|Any CPU.ActiveCfg = Release|Any CPU
		{070B09AC-12E1-447F-9E5F-3ED6BBA6A125}.Release|Any CPU.Build.0 = Release|Any CPU
		{6FA9B47A-1D4E-4B6F-A841-BFBE69787126}.Debug|Any CPU.ActiveCfg = Debug|Any CPU
		{6FA9B47A-1D4E-4B6F-A841-BFBE69787126}.Debug|Any CPU.Build.0 = Debug|Any CPU
		{6FA9B47A-1D4E-4B6F-A841-BFBE69787126}.Release|Any CPU.ActiveCfg = Release|Any CPU
		{6FA9B47A-1D4E-4B6F-A841-BFBE69787126}.Release|Any CPU.Build.0 = Release|Any CPU
		{8F0538BE-6ACC-48C0-9365-4287D520A806}.Debug|Any CPU.ActiveCfg = Debug|Any CPU
		{8F0538BE-6ACC-48C0-9365-4287D520A806}.Debug|Any CPU.Build.0 = Debug|Any CPU
		{8F0538BE-6ACC-48C0-9365-4287D520A806}.Release|Any CPU.ActiveCfg = Release|Any CPU
		{8F0538BE-6ACC-48C0-9365-4287D520A806}.Release|Any CPU.Build.0 = Release|Any CPU
		{B6F1FB2F-2082-43AB-90DD-CE1D2034B9D8}.Debug|Any CPU.ActiveCfg = Debug|Any CPU
		{B6F1FB2F-2082-43AB-90DD-CE1D2034B9D8}.Debug|Any CPU.Build.0 = Debug|Any CPU
		{B6F1FB2F-2082-43AB-90DD-CE1D2034B9D8}.Release|Any CPU.ActiveCfg = Release|Any CPU
		{B6F1FB2F-2082-43AB-90DD-CE1D2034B9D8}.Release|Any CPU.Build.0 = Release|Any CPU
		{9496DF4B-16C4-4268-BA70-0716CB896A67}.Debug|Any CPU.ActiveCfg = Debug|Any CPU
		{9496DF4B-16C4-4268-BA70-0716CB896A67}.Debug|Any CPU.Build.0 = Debug|Any CPU
		{9496DF4B-16C4-4268-BA70-0716CB896A67}.Release|Any CPU.ActiveCfg = Release|Any CPU
		{9496DF4B-16C4-4268-BA70-0716CB896A67}.Release|Any CPU.Build.0 = Release|Any CPU
		{02FBD1AA-0885-4F9D-8B12-0F4E61713E15}.Debug|Any CPU.ActiveCfg = Debug|Any CPU
		{02FBD1AA-0885-4F9D-8B12-0F4E61713E15}.Debug|Any CPU.Build.0 = Debug|Any CPU
		{02FBD1AA-0885-4F9D-8B12-0F4E61713E15}.Release|Any CPU.ActiveCfg = Release|Any CPU
		{02FBD1AA-0885-4F9D-8B12-0F4E61713E15}.Release|Any CPU.Build.0 = Release|Any CPU
		{103C1741-6DCF-4016-9AA2-D6E7F277A451}.Debug|Any CPU.ActiveCfg = Debug|Any CPU
		{103C1741-6DCF-4016-9AA2-D6E7F277A451}.Debug|Any CPU.Build.0 = Debug|Any CPU
		{103C1741-6DCF-4016-9AA2-D6E7F277A451}.Release|Any CPU.ActiveCfg = Release|Any CPU
		{103C1741-6DCF-4016-9AA2-D6E7F277A451}.Release|Any CPU.Build.0 = Release|Any CPU
		{3C1D15AA-D8F8-44C5-8759-5B303075E5DB}.Debug|Any CPU.ActiveCfg = Debug|Any CPU
		{3C1D15AA-D8F8-44C5-8759-5B303075E5DB}.Debug|Any CPU.Build.0 = Debug|Any CPU
		{3C1D15AA-D8F8-44C5-8759-5B303075E5DB}.Release|Any CPU.ActiveCfg = Release|Any CPU
		{3C1D15AA-D8F8-44C5-8759-5B303075E5DB}.Release|Any CPU.Build.0 = Release|Any CPU
		{379C21E1-F9F6-483A-9135-FA4C1061523C}.Debug|Any CPU.ActiveCfg = Debug|Any CPU
		{379C21E1-F9F6-483A-9135-FA4C1061523C}.Debug|Any CPU.Build.0 = Debug|Any CPU
		{379C21E1-F9F6-483A-9135-FA4C1061523C}.Release|Any CPU.ActiveCfg = Release|Any CPU
		{379C21E1-F9F6-483A-9135-FA4C1061523C}.Release|Any CPU.Build.0 = Release|Any CPU
		{39B6A48A-315E-4FD6-B742-8CB9209653B9}.Debug|Any CPU.ActiveCfg = Debug|Any CPU
		{39B6A48A-315E-4FD6-B742-8CB9209653B9}.Debug|Any CPU.Build.0 = Debug|Any CPU
		{39B6A48A-315E-4FD6-B742-8CB9209653B9}.Release|Any CPU.ActiveCfg = Release|Any CPU
		{39B6A48A-315E-4FD6-B742-8CB9209653B9}.Release|Any CPU.Build.0 = Release|Any CPU
		{349E587E-47F9-4B1C-85AB-4B83AC983641}.Debug|Any CPU.ActiveCfg = Debug|Any CPU
		{349E587E-47F9-4B1C-85AB-4B83AC983641}.Debug|Any CPU.Build.0 = Debug|Any CPU
		{349E587E-47F9-4B1C-85AB-4B83AC983641}.Release|Any CPU.ActiveCfg = Release|Any CPU
		{349E587E-47F9-4B1C-85AB-4B83AC983641}.Release|Any CPU.Build.0 = Release|Any CPU
		{E1C55096-E2EC-4008-B3B6-D67FE308B001}.Debug|Any CPU.ActiveCfg = Debug|Any CPU
		{E1C55096-E2EC-4008-B3B6-D67FE308B001}.Debug|Any CPU.Build.0 = Debug|Any CPU
		{E1C55096-E2EC-4008-B3B6-D67FE308B001}.Release|Any CPU.ActiveCfg = Release|Any CPU
		{E1C55096-E2EC-4008-B3B6-D67FE308B001}.Release|Any CPU.Build.0 = Release|Any CPU
		{E17BF2CE-9C37-4843-8EDB-F7ACB2A0365E}.Debug|Any CPU.ActiveCfg = Debug|Any CPU
		{E17BF2CE-9C37-4843-8EDB-F7ACB2A0365E}.Debug|Any CPU.Build.0 = Debug|Any CPU
		{E17BF2CE-9C37-4843-8EDB-F7ACB2A0365E}.Release|Any CPU.ActiveCfg = Release|Any CPU
		{E17BF2CE-9C37-4843-8EDB-F7ACB2A0365E}.Release|Any CPU.Build.0 = Release|Any CPU
		{5A717BC9-4861-452B-A844-CEF8D8A6BA62}.Debug|Any CPU.ActiveCfg = Debug|Any CPU
		{5A717BC9-4861-452B-A844-CEF8D8A6BA62}.Debug|Any CPU.Build.0 = Debug|Any CPU
		{5A717BC9-4861-452B-A844-CEF8D8A6BA62}.Release|Any CPU.ActiveCfg = Release|Any CPU
		{5A717BC9-4861-452B-A844-CEF8D8A6BA62}.Release|Any CPU.Build.0 = Release|Any CPU
		{EFC4C610-7AAB-4BFA-8B19-A29BE10763A1}.Debug|Any CPU.ActiveCfg = Debug|Any CPU
		{EFC4C610-7AAB-4BFA-8B19-A29BE10763A1}.Debug|Any CPU.Build.0 = Debug|Any CPU
		{EFC4C610-7AAB-4BFA-8B19-A29BE10763A1}.Release|Any CPU.ActiveCfg = Release|Any CPU
		{EFC4C610-7AAB-4BFA-8B19-A29BE10763A1}.Release|Any CPU.Build.0 = Release|Any CPU
	EndGlobalSection
	GlobalSection(NestedProjects) = preSolution
		{070B09AC-12E1-447F-9E5F-3ED6BBA6A125} = {23E9F368-27EE-4676-8462-80E4BBE07B58}
		{6FA9B47A-1D4E-4B6F-A841-BFBE69787126} = {5E0541AE-4BCB-4DD8-92C8-61CCD79F53C6}
		{8F0538BE-6ACC-48C0-9365-4287D520A806} = {3025A31E-7BA3-42FE-848B-A86A432FB5F8}
		{B6F1FB2F-2082-43AB-90DD-CE1D2034B9D8} = {2FD3D2B5-0351-42B3-94E8-5272F6896439}
		{9496DF4B-16C4-4268-BA70-0716CB896A67} = {518585A2-1235-409D-BDCE-89A46A5E30B0}
		{02FBD1AA-0885-4F9D-8B12-0F4E61713E15} = {185A033C-65CF-4D28-9DE7-6A504FAA8323}
		{103C1741-6DCF-4016-9AA2-D6E7F277A451} = {E3F2974C-2D02-4209-A6FC-1B90C0DB8411}
		{3C1D15AA-D8F8-44C5-8759-5B303075E5DB} = {520339BE-B0A8-4EF9-8601-A401EF759FFA}
		{379C21E1-F9F6-483A-9135-FA4C1061523C} = {0B5B9DC0-0298-42CF-A2BB-140A43BC4294}
		{39B6A48A-315E-4FD6-B742-8CB9209653B9} = {C8ABD7FE-218D-4860-A5D0-86CA082CF91A}
		{349E587E-47F9-4B1C-85AB-4B83AC983641} = {5EF19D8A-9387-43F9-A841-18F788ED96A9}
		{E1C55096-E2EC-4008-B3B6-D67FE308B001} = {54E254B1-2E04-4DDE-A45A-1E8CE9DB7086}
		{E17BF2CE-9C37-4843-8EDB-F7ACB2A0365E} = {FC1E9DE8-5563-4819-AB3C-D2549527C4FE}
		{5A717BC9-4861-452B-A844-CEF8D8A6BA62} = {686FA7C9-AA84-4F33-A0A6-980F1B77EE61}
		{EFC4C610-7AAB-4BFA-8B19-A29BE10763A1} = {40D0F40A-DDE3-47DE-978B-A18614B0AEC4}
	EndGlobalSection
EndGlobal
